
Microsoft Visual Studio Solution File, Format Version 12.00
# Visual Studio Version 17
VisualStudioVersion = 17.4.33213.308
MinimumVisualStudioVersion = 10.0.40219.1
Project("{FAE04EC0-301F-11D3-BF4B-00C04F79EFBC}") = "gestor-de-estudantes", "gestor-de-estudantes.csproj", "{5C009366-1DE0-4398-A396-47CCA162D179}"
EndProject
Global
	GlobalSection(SolutionConfigurationPlatforms) = preSolution
		Debug|Any CPU = Debug|Any CPU
		Release|Any CPU = Release|Any CPU
	EndGlobalSection
	GlobalSection(ProjectConfigurationPlatforms) = postSolution
		{5C009366-1DE0-4398-A396-47CCA162D179}.Debug|Any CPU.ActiveCfg = Debug|Any CPU
		{5C009366-1DE0-4398-A396-47CCA162D179}.Debug|Any CPU.Build.0 = Debug|Any CPU
		{5C009366-1DE0-4398-A396-47CCA162D179}.Release|Any CPU.ActiveCfg = Release|Any CPU
		{5C009366-1DE0-4398-A396-47CCA162D179}.Release|Any CPU.Build.0 = Release|Any CPU
	EndGlobalSection
	GlobalSection(SolutionProperties) = preSolution
		HideSolutionNode = FALSE
	EndGlobalSection
	GlobalSection(ExtensibilityGlobals) = postSolution
		SolutionGuid = {DD190591-3165-4193-9262-823ABF6BD02A}
	EndGlobalSection
EndGlobal
