
Microsoft Visual Studio Solution File, Format Version 12.00
# Visual Studio Version 17
VisualStudioVersion = 17.4.33213.308
MinimumVisualStudioVersion = 10.0.40219.1
Project("{FAE04EC0-301F-11D3-BF4B-00C04F79EFBC}") = "sistema-gestao-estudantes", "sistema-gestao-estudantes.csproj", "{8302314C-C919-468E-9A47-E2E82F572997}"
EndProject
Global
	GlobalSection(SolutionConfigurationPlatforms) = preSolution
		Debug|Any CPU = Debug|Any CPU
		Release|Any CPU = Release|Any CPU
	EndGlobalSection
	GlobalSection(ProjectConfigurationPlatforms) = postSolution
		{8302314C-C919-468E-9A47-E2E82F572997}.Debug|Any CPU.ActiveCfg = Debug|Any CPU
		{8302314C-C919-468E-9A47-E2E82F572997}.Debug|Any CPU.Build.0 = Debug|Any CPU
		{8302314C-C919-468E-9A47-E2E82F572997}.Release|Any CPU.ActiveCfg = Release|Any CPU
		{8302314C-C919-468E-9A47-E2E82F572997}.Release|Any CPU.Build.0 = Release|Any CPU
	EndGlobalSection
	GlobalSection(SolutionProperties) = preSolution
		HideSolutionNode = FALSE
	EndGlobalSection
	GlobalSection(ExtensibilityGlobals) = postSolution
		SolutionGuid = {49D39B20-33B8-478A-A5E1-A548E98AA8ED}
	EndGlobalSection
EndGlobal
